
Microsoft Visual Studio Solution File, Format Version 12.00
# Visual Studio Version 16
VisualStudioVersion = 16.0.30621.155
MinimumVisualStudioVersion = 10.0.40219.1
Project("{FAE04EC0-301F-11D3-BF4B-00C04F79EFBC}") = "Pregunta_5", "Pregunta_5\Pregunta_5.csproj", "{7475DA05-1486-40B8-BE12-1712F7215C80}"
EndProject
Global
	GlobalSection(SolutionConfigurationPlatforms) = preSolution
		Debug|Any CPU = Debug|Any CPU
		Release|Any CPU = Release|Any CPU
	EndGlobalSection
	GlobalSection(ProjectConfigurationPlatforms) = postSolution
		{7475DA05-1486-40B8-BE12-1712F7215C80}.Debug|Any CPU.ActiveCfg = Debug|Any CPU
		{7475DA05-1486-40B8-BE12-1712F7215C80}.Debug|Any CPU.Build.0 = Debug|Any CPU
		{7475DA05-1486-40B8-BE12-1712F7215C80}.Release|Any CPU.ActiveCfg = Release|Any CPU
		{7475DA05-1486-40B8-BE12-1712F7215C80}.Release|Any CPU.Build.0 = Release|Any CPU
	EndGlobalSection
	GlobalSection(SolutionProperties) = preSolution
		HideSolutionNode = FALSE
	EndGlobalSection
	GlobalSection(ExtensibilityGlobals) = postSolution
		SolutionGuid = {109BC422-12D1-4E9F-B849-FC2FA0DA65DF}
	EndGlobalSection
EndGlobal
