
Microsoft Visual Studio Solution File, Format Version 12.00
# Visual Studio Version 16
VisualStudioVersion = 16.0.30621.155
MinimumVisualStudioVersion = 10.0.40219.1
Project("{FAE04EC0-301F-11D3-BF4B-00C04F79EFBC}") = "LSECircular", "LSECircular\LSECircular.csproj", "{03F3B3C4-A0F0-4CD5-B787-84C04568DA28}"
EndProject
Global
	GlobalSection(SolutionConfigurationPlatforms) = preSolution
		Debug|Any CPU = Debug|Any CPU
		Release|Any CPU = Release|Any CPU
	EndGlobalSection
	GlobalSection(ProjectConfigurationPlatforms) = postSolution
		{03F3B3C4-A0F0-4CD5-B787-84C04568DA28}.Debug|Any CPU.ActiveCfg = Debug|Any CPU
		{03F3B3C4-A0F0-4CD5-B787-84C04568DA28}.Debug|Any CPU.Build.0 = Debug|Any CPU
		{03F3B3C4-A0F0-4CD5-B787-84C04568DA28}.Release|Any CPU.ActiveCfg = Release|Any CPU
		{03F3B3C4-A0F0-4CD5-B787-84C04568DA28}.Release|Any CPU.Build.0 = Release|Any CPU
	EndGlobalSection
	GlobalSection(SolutionProperties) = preSolution
		HideSolutionNode = FALSE
	EndGlobalSection
	GlobalSection(ExtensibilityGlobals) = postSolution
		SolutionGuid = {A851CB8F-94A9-4F89-8AC8-C9B5EC74C01F}
	EndGlobalSection
EndGlobal
