
Microsoft Visual Studio Solution File, Format Version 12.00
# Visual Studio Version 16
VisualStudioVersion = 16.0.30104.148
MinimumVisualStudioVersion = 10.0.40219.1
Project("{FAE04EC0-301F-11D3-BF4B-00C04F79EFBC}") = "Decolas", "Decolas\Decolas.csproj", "{99374CB1-23B5-4EB0-B84E-69D05B262798}"
EndProject
Global
	GlobalSection(SolutionConfigurationPlatforms) = preSolution
		Debug|Any CPU = Debug|Any CPU
		Release|Any CPU = Release|Any CPU
	EndGlobalSection
	GlobalSection(ProjectConfigurationPlatforms) = postSolution
		{99374CB1-23B5-4EB0-B84E-69D05B262798}.Debug|Any CPU.ActiveCfg = Debug|Any CPU
		{99374CB1-23B5-4EB0-B84E-69D05B262798}.Debug|Any CPU.Build.0 = Debug|Any CPU
		{99374CB1-23B5-4EB0-B84E-69D05B262798}.Release|Any CPU.ActiveCfg = Release|Any CPU
		{99374CB1-23B5-4EB0-B84E-69D05B262798}.Release|Any CPU.Build.0 = Release|Any CPU
	EndGlobalSection
	GlobalSection(SolutionProperties) = preSolution
		HideSolutionNode = FALSE
	EndGlobalSection
	GlobalSection(ExtensibilityGlobals) = postSolution
		SolutionGuid = {99D1E6F0-9969-4C81-AA70-CBD0CD9D4AB6}
	EndGlobalSection
EndGlobal
