
Microsoft Visual Studio Solution File, Format Version 12.00
# Visual Studio Version 16
VisualStudioVersion = 16.0.30621.155
MinimumVisualStudioVersion = 10.0.40219.1
Project("{FAE04EC0-301F-11D3-BF4B-00C04F79EFBC}") = "Estudiantes", "Estudiantes\Estudiantes.csproj", "{EA71B208-5254-4178-858C-EBC2C98F3C96}"
EndProject
Global
	GlobalSection(SolutionConfigurationPlatforms) = preSolution
		Debug|Any CPU = Debug|Any CPU
		Release|Any CPU = Release|Any CPU
	EndGlobalSection
	GlobalSection(ProjectConfigurationPlatforms) = postSolution
		{EA71B208-5254-4178-858C-EBC2C98F3C96}.Debug|Any CPU.ActiveCfg = Debug|Any CPU
		{EA71B208-5254-4178-858C-EBC2C98F3C96}.Debug|Any CPU.Build.0 = Debug|Any CPU
		{EA71B208-5254-4178-858C-EBC2C98F3C96}.Release|Any CPU.ActiveCfg = Release|Any CPU
		{EA71B208-5254-4178-858C-EBC2C98F3C96}.Release|Any CPU.Build.0 = Release|Any CPU
	EndGlobalSection
	GlobalSection(SolutionProperties) = preSolution
		HideSolutionNode = FALSE
	EndGlobalSection
	GlobalSection(ExtensibilityGlobals) = postSolution
		SolutionGuid = {16C26B8D-5BDF-42B6-B398-27E29DA4A074}
	EndGlobalSection
EndGlobal
