
Microsoft Visual Studio Solution File, Format Version 12.00
# Visual Studio Version 16
VisualStudioVersion = 16.0.30621.155
MinimumVisualStudioVersion = 10.0.40219.1
Project("{FAE04EC0-301F-11D3-BF4B-00C04F79EFBC}") = "ColaCircular", "ColaCircular\ColaCircular.csproj", "{50D0D4A2-D28C-4C51-8226-FC957D83AD82}"
EndProject
Global
	GlobalSection(SolutionConfigurationPlatforms) = preSolution
		Debug|Any CPU = Debug|Any CPU
		Release|Any CPU = Release|Any CPU
	EndGlobalSection
	GlobalSection(ProjectConfigurationPlatforms) = postSolution
		{50D0D4A2-D28C-4C51-8226-FC957D83AD82}.Debug|Any CPU.ActiveCfg = Debug|Any CPU
		{50D0D4A2-D28C-4C51-8226-FC957D83AD82}.Debug|Any CPU.Build.0 = Debug|Any CPU
		{50D0D4A2-D28C-4C51-8226-FC957D83AD82}.Release|Any CPU.ActiveCfg = Release|Any CPU
		{50D0D4A2-D28C-4C51-8226-FC957D83AD82}.Release|Any CPU.Build.0 = Release|Any CPU
	EndGlobalSection
	GlobalSection(SolutionProperties) = preSolution
		HideSolutionNode = FALSE
	EndGlobalSection
	GlobalSection(ExtensibilityGlobals) = postSolution
		SolutionGuid = {04C30346-3551-4C72-B083-324CB82B56EB}
	EndGlobalSection
EndGlobal
