
Microsoft Visual Studio Solution File, Format Version 12.00
# Visual Studio Version 16
VisualStudioVersion = 16.0.30621.155
MinimumVisualStudioVersion = 10.0.40219.1
Project("{FAE04EC0-301F-11D3-BF4B-00C04F79EFBC}") = "Pregunta_6_ColaYPila", "Pregunta_6_ColaYPila\Pregunta_6_ColaYPila.csproj", "{FFB901E9-6EC1-4A56-B8E8-481C1F9F3B6F}"
EndProject
Global
	GlobalSection(SolutionConfigurationPlatforms) = preSolution
		Debug|Any CPU = Debug|Any CPU
		Release|Any CPU = Release|Any CPU
	EndGlobalSection
	GlobalSection(ProjectConfigurationPlatforms) = postSolution
		{FFB901E9-6EC1-4A56-B8E8-481C1F9F3B6F}.Debug|Any CPU.ActiveCfg = Debug|Any CPU
		{FFB901E9-6EC1-4A56-B8E8-481C1F9F3B6F}.Debug|Any CPU.Build.0 = Debug|Any CPU
		{FFB901E9-6EC1-4A56-B8E8-481C1F9F3B6F}.Release|Any CPU.ActiveCfg = Release|Any CPU
		{FFB901E9-6EC1-4A56-B8E8-481C1F9F3B6F}.Release|Any CPU.Build.0 = Release|Any CPU
	EndGlobalSection
	GlobalSection(SolutionProperties) = preSolution
		HideSolutionNode = FALSE
	EndGlobalSection
	GlobalSection(ExtensibilityGlobals) = postSolution
		SolutionGuid = {66ABEA46-5132-4404-B8DD-B56E021574F5}
	EndGlobalSection
EndGlobal
