
Microsoft Visual Studio Solution File, Format Version 12.00
# Visual Studio Version 16
VisualStudioVersion = 16.0.30621.155
MinimumVisualStudioVersion = 10.0.40219.1
Project("{FAE04EC0-301F-11D3-BF4B-00C04F79EFBC}") = "Arboles", "Arboles\Arboles.csproj", "{D4D3E96E-11C1-4C7F-92C4-CBA368E0E91D}"
EndProject
Global
	GlobalSection(SolutionConfigurationPlatforms) = preSolution
		Debug|Any CPU = Debug|Any CPU
		Release|Any CPU = Release|Any CPU
	EndGlobalSection
	GlobalSection(ProjectConfigurationPlatforms) = postSolution
		{D4D3E96E-11C1-4C7F-92C4-CBA368E0E91D}.Debug|Any CPU.ActiveCfg = Debug|Any CPU
		{D4D3E96E-11C1-4C7F-92C4-CBA368E0E91D}.Debug|Any CPU.Build.0 = Debug|Any CPU
		{D4D3E96E-11C1-4C7F-92C4-CBA368E0E91D}.Release|Any CPU.ActiveCfg = Release|Any CPU
		{D4D3E96E-11C1-4C7F-92C4-CBA368E0E91D}.Release|Any CPU.Build.0 = Release|Any CPU
	EndGlobalSection
	GlobalSection(SolutionProperties) = preSolution
		HideSolutionNode = FALSE
	EndGlobalSection
	GlobalSection(ExtensibilityGlobals) = postSolution
		SolutionGuid = {25F81A79-44E0-4E55-AAD0-5C8D7C47307F}
	EndGlobalSection
EndGlobal
