
Microsoft Visual Studio Solution File, Format Version 12.00
# Visual Studio Version 16
VisualStudioVersion = 16.0.30621.155
MinimumVisualStudioVersion = 10.0.40219.1
Project("{FAE04EC0-301F-11D3-BF4B-00C04F79EFBC}") = "ExpresionAlgebraica", "ExpresionAlgebraica\ExpresionAlgebraica.csproj", "{073B41CF-8707-4C53-9D81-CF8911FA624A}"
EndProject
Global
	GlobalSection(SolutionConfigurationPlatforms) = preSolution
		Debug|Any CPU = Debug|Any CPU
		Release|Any CPU = Release|Any CPU
	EndGlobalSection
	GlobalSection(ProjectConfigurationPlatforms) = postSolution
		{073B41CF-8707-4C53-9D81-CF8911FA624A}.Debug|Any CPU.ActiveCfg = Debug|Any CPU
		{073B41CF-8707-4C53-9D81-CF8911FA624A}.Debug|Any CPU.Build.0 = Debug|Any CPU
		{073B41CF-8707-4C53-9D81-CF8911FA624A}.Release|Any CPU.ActiveCfg = Release|Any CPU
		{073B41CF-8707-4C53-9D81-CF8911FA624A}.Release|Any CPU.Build.0 = Release|Any CPU
	EndGlobalSection
	GlobalSection(SolutionProperties) = preSolution
		HideSolutionNode = FALSE
	EndGlobalSection
	GlobalSection(ExtensibilityGlobals) = postSolution
		SolutionGuid = {B9C1D003-BBAE-417D-B628-9904BFD3EF52}
	EndGlobalSection
EndGlobal
